dependencies:
- name: postgresql
  repository: https://charts.bitnami.com/bitnami
  version: 12.5.7
- name: postgresql
  repository: https://charts.bitnami.com/bitnami
  version: 12.5.7
digest: sha256:e536625a1dc6516cbd4905de3e628c1ce0a4e054e22691cb606a10a1e6ebf55d
generated: "2023-11-16T17:38:16.808665035Z"
